
Microsoft Visual Studio Solution File, Format Version 12.00
# Visual Studio Version 17
VisualStudioVersion = 17.8.34322.80
MinimumVisualStudioVersion = 10.0.40219.1
Project("{FAE04EC0-301F-11D3-BF4B-00C04F79EFBC}") = "CookiesCookbook", "CookiesCookbook\CookiesCookbook.csproj", "{66D0EB0E-FED4-421E-BF19-3609DA468756}"
EndProject
Global
	GlobalSection(SolutionConfigurationPlatforms) = preSolution
		Debug|Any CPU = Debug|Any CPU
		Release|Any CPU = Release|Any CPU
	EndGlobalSection
	GlobalSection(ProjectConfigurationPlatforms) = postSolution
		{66D0EB0E-FED4-421E-BF19-3609DA468756}.Debug|Any CPU.ActiveCfg = Debug|Any CPU
		{66D0EB0E-FED4-421E-BF19-3609DA468756}.Debug|Any CPU.Build.0 = Debug|Any CPU
		{66D0EB0E-FED4-421E-BF19-3609DA468756}.Release|Any CPU.ActiveCfg = Release|Any CPU
		{66D0EB0E-FED4-421E-BF19-3609DA468756}.Release|Any CPU.Build.0 = Release|Any CPU
	EndGlobalSection
	GlobalSection(SolutionProperties) = preSolution
		HideSolutionNode = FALSE
	EndGlobalSection
	GlobalSection(ExtensibilityGlobals) = postSolution
		SolutionGuid = {F0F93B17-D305-4D66-B4FE-922EA601262E}
	EndGlobalSection
EndGlobal
